// !$*UTF8*$!
{
	archiveVersion = 1;
	classes = {
	};
	objectVersion = 90;
	objects = {

/* Begin PBXBuildFile section */
		E0C9BE412F1FE1D900DEBF26 /* gbp.icon in Resources */ = {isa = PBXBuildFile; fileRef = E0C9BE402F1FE1D900DEBF26 /* gbp.icon */; };
/* End PBXBuildFile section */

/* Begin PBXContainerItemProxy section */
		E0BA52172EBB7D72002A58A0 /* PBXContainerItemProxy */ = {
			isa = PBXContainerItemProxy;
			containerPortal = E0BA51FA2EBB7D70002A58A0 /* Project object */;
			proxyType = 1;
			remoteGlobalIDString = E0BA52012EBB7D71002A58A0;
			remoteInfo = GasBlendPro;
		};
		E0BA52212EBB7D72002A58A0 /* PBXContainerItemProxy */ = {
			isa = PBXContainerItemProxy;
			containerPortal = E0BA51FA2EBB7D70002A58A0 /* Project object */;
			proxyType = 1;
			remoteGlobalIDString = E0BA52012EBB7D71002A58A0;
			remoteInfo = GasBlendPro;
		};
/* End PBXContainerItemProxy section */

/* Begin PBXFileReference section */
		E0A565622EC5D19F00043D38 /* GasBlendPro.xctestplan */ = {isa = PBXFileReference; lastKnownFileType = text; path = GasBlendPro.xctestplan; sourceTree = "<group>"; };
		E0BA52022EBB7D71002A58A0 /* GasBlendPro.app */ = {isa = PBXFileReference; explicitFileType = wrapper.application; includeInIndex = 0; path = GasBlendPro.app; sourceTree = BUILT_PRODUCTS_DIR; };
		E0BA52162EBB7D72002A58A0 /* GasBlendProTests.xctest */ = {isa = PBXFileReference; explicitFileType = wrapper.cfbundle; includeInIndex = 0; path = GasBlendProTests.xctest; sourceTree = BUILT_PRODUCTS_DIR; };
		E0BA52202EBB7D72002A58A0 /* GasBlendProUITests.xctest */ = {isa = PBXFileReference; explicitFileType = wrapper.cfbundle; includeInIndex = 0; path = GasBlendProUITests.xctest; sourceTree = BUILT_PRODUCTS_DIR; };
		E0C9BE402F1FE1D900DEBF26 /* gbp.icon */ = {isa = PBXFileReference; lastKnownFileType = folder.iconcomposer.icon; path = gbp.icon; sourceTree = "<group>"; };
/* End PBXFileReference section */

/* Begin PBXFileSystemSynchronizedBuildFileExceptionSet section */
		E0BA52282EBB7D72002A58A0 /* Exceptions for "GasBlendPro" folder in "GasBlendPro" target */ = {
			isa = PBXFileSystemSynchronizedBuildFileExceptionSet;
			membershipExceptions = (
				Info.plist,
			);
			target = E0BA52012EBB7D71002A58A0 /* GasBlendPro */;
		};
/* End PBXFileSystemSynchronizedBuildFileExceptionSet section */

/* Begin PBXFileSystemSynchronizedRootGroup section */
		E0BA52042EBB7D71002A58A0 /* GasBlendPro */ = {
			isa = PBXFileSystemSynchronizedRootGroup;
			exceptions = (
				E0BA52282EBB7D72002A58A0 /* Exceptions for "GasBlendPro" folder in "GasBlendPro" target */,
			);
			path = GasBlendPro;
			sourceTree = "<group>";
		};
		E0BA52192EBB7D72002A58A0 /* GasBlendProTests */ = {
			isa = PBXFileSystemSynchronizedRootGroup;
			path = GasBlendProTests;
			sourceTree = "<group>";
		};
		E0BA52232EBB7D72002A58A0 /* GasBlendProUITests */ = {
			isa = PBXFileSystemSynchronizedRootGroup;
			path = GasBlendProUITests;
			sourceTree = "<group>";
		};
/* End PBXFileSystemSynchronizedRootGroup section */

/* Begin PBXFrameworksBuildPhase section */
		E0BA51FF2EBB7D71002A58A0 /* Frameworks */ = {
			isa = PBXFrameworksBuildPhase;
			files = (
			);
		};
		E0BA52132EBB7D72002A58A0 /* Frameworks */ = {
			isa = PBXFrameworksBuildPhase;
			files = (
			);
		};
		E0BA521D2EBB7D72002A58A0 /* Frameworks */ = {
			isa = PBXFrameworksBuildPhase;
			files = (
			);
		};
/* End PBXFrameworksBuildPhase section */

/* Begin PBXGroup section */
		E0BA51F92EBB7D70002A58A0 = {
			isa = PBXGroup;
			children = (
				E0A565622EC5D19F00043D38 /* GasBlendPro.xctestplan */,
				E0BA52042EBB7D71002A58A0 /* GasBlendPro */,
				E0BA52192EBB7D72002A58A0 /* GasBlendProTests */,
				E0BA52232EBB7D72002A58A0 /* GasBlendProUITests */,
				E0BA52032EBB7D71002A58A0 /* Products */,
				E0C9BE402F1FE1D900DEBF26 /* gbp.icon */,
			);
			sourceTree = "<group>";
		};
		E0BA52032EBB7D71002A58A0 /* Products */ = {
			isa = PBXGroup;
			children = (
				E0BA52022EBB7D71002A58A0 /* GasBlendPro.app */,
				E0BA52162EBB7D72002A58A0 /* GasBlendProTests.xctest */,
				E0BA52202EBB7D72002A58A0 /* GasBlendProUITests.xctest */,
			);
			name = Products;
			sourceTree = "<group>";
		};
/* End PBXGroup section */

/* Begin PBXNativeTarget section */
		E0BA52012EBB7D71002A58A0 /* GasBlendPro */ = {
			isa = PBXNativeTarget;
			buildConfigurationList = E0BA52292EBB7D72002A58A0 /* Build configuration list for PBXNativeTarget "GasBlendPro" */;
			buildPhases = (
				E0BA51FE2EBB7D71002A58A0 /* Sources */,
				E0BA51FF2EBB7D71002A58A0 /* Frameworks */,
				E0BA52002EBB7D71002A58A0 /* Resources */,
			);
			buildRules = (
			);
			fileSystemSynchronizedGroups = (
				E0BA52042EBB7D71002A58A0 /* GasBlendPro */,
			);
			name = GasBlendPro;
			productName = GasBlendPro;
			productReference = E0BA52022EBB7D71002A58A0 /* GasBlendPro.app */;
			productType = "com.apple.product-type.application";
		};
		E0BA52152EBB7D72002A58A0 /* GasBlendProTests */ = {
			isa = PBXNativeTarget;
			buildConfigurationList = E0BA522E2EBB7D72002A58A0 /* Build configuration list for PBXNativeTarget "GasBlendProTests" */;
			buildPhases = (
				E0BA52122EBB7D72002A58A0 /* Sources */,
				E0BA52132EBB7D72002A58A0 /* Frameworks */,
				E0BA52142EBB7D72002A58A0 /* Resources */,
			);
			buildRules = (
			);
			dependencies = (
				E0BA52182EBB7D72002A58A0 /* PBXTargetDependency */,
			);
			fileSystemSynchronizedGroups = (
				E0BA52192EBB7D72002A58A0 /* GasBlendProTests */,
			);
			name = GasBlendProTests;
			productName = GasBlendProTests;
			productReference = E0BA52162EBB7D72002A58A0 /* GasBlendProTests.xctest */;
			productType = "com.apple.product-type.bundle.unit-test";
		};
		E0BA521F2EBB7D72002A58A0 /* GasBlendProUITests */ = {
			isa = PBXNativeTarget;
			buildConfigurationList = E0BA52312EBB7D72002A58A0 /* Build configuration list for PBXNativeTarget "GasBlendProUITests" */;
			buildPhases = (
				E0BA521C2EBB7D72002A58A0 /* Sources */,
				E0BA521D2EBB7D72002A58A0 /* Frameworks */,
				E0BA521E2EBB7D72002A58A0 /* Resources */,
			);
			buildRules = (
			);
			dependencies = (
				E0BA52222EBB7D72002A58A0 /* PBXTargetDependency */,
			);
			fileSystemSynchronizedGroups = (
				E0BA52232EBB7D72002A58A0 /* GasBlendProUITests */,
			);
			name = GasBlendProUITests;
			productName = GasBlendProUITests;
			productReference = E0BA52202EBB7D72002A58A0 /* GasBlendProUITests.xctest */;
			productType = "com.apple.product-type.bundle.ui-testing";
		};
/* End PBXNativeTarget section */

/* Begin PBXProject section */
		E0BA51FA2EBB7D70002A58A0 /* Project object */ = {
			isa = PBXProject;
			attributes = {
				BuildIndependentTargetsInParallel = 1;
				LastSwiftUpdateCheck = 1620;
				LastUpgradeCheck = 2620;
				TargetAttributes = {
					E0BA52012EBB7D71002A58A0 = {
						CreatedOnToolsVersion = 16.2;
					};
					E0BA52152EBB7D72002A58A0 = {
						CreatedOnToolsVersion = 16.2;
						TestTargetID = E0BA52012EBB7D71002A58A0;
					};
					E0BA521F2EBB7D72002A58A0 = {
						CreatedOnToolsVersion = 16.2;
						TestTargetID = E0BA52012EBB7D71002A58A0;
					};
				};
			};
			buildConfigurationList = E0BA51FD2EBB7D70002A58A0 /* Build configuration list for PBXProject "GasBlendPro" */;
			developmentRegion = en;
			hasScannedForEncodings = 0;
			knownRegions = (
				en,
				Base,
			);
			mainGroup = E0BA51F92EBB7D70002A58A0;
			minimizedProjectReferenceProxies = 1;
			preferredProjectObjectVersion = 90;
			productRefGroup = E0BA52032EBB7D71002A58A0 /* Products */;
			projectDirPath = "";
			projectRoot = "";
			targets = (
				E0BA52012EBB7D71002A58A0 /* GasBlendPro */,
				E0BA52152EBB7D72002A58A0 /* GasBlendProTests */,
				E0BA521F2EBB7D72002A58A0 /* GasBlendProUITests */,
			);
		};
/* End PBXProject section */

/* Begin PBXResourcesBuildPhase section */
		E0BA52002EBB7D71002A58A0 /* Resources */ = {
			isa = PBXResourcesBuildPhase;
			files = (
				E0C9BE412F1FE1D900DEBF26 /* gbp.icon in Resources */,
			);
		};
		E0BA52142EBB7D72002A58A0 /* Resources */ = {
			isa = PBXResourcesBuildPhase;
			files = (
			);
		};
		E0BA521E2EBB7D72002A58A0 /* Resources */ = {
			isa = PBXResourcesBuildPhase;
			files = (
			);
		};
/* End PBXResourcesBuildPhase section */

/* Begin PBXSourcesBuildPhase section */
		E0BA51FE2EBB7D71002A58A0 /* Sources */ = {
			isa = PBXSourcesBuildPhase;
			files = (
			);
		};
		E0BA52122EBB7D72002A58A0 /* Sources */ = {
			isa = PBXSourcesBuildPhase;
			files = (
			);
		};
		E0BA521C2EBB7D72002A58A0 /* Sources */ = {
			isa = PBXSourcesBuildPhase;
			files = (
			);
		};
/* End PBXSourcesBuildPhase section */

/* Begin PBXTargetDependency section */
		E0BA52182EBB7D72002A58A0 /* PBXTargetDependency */ = {
			isa = PBXTargetDependency;
			target = E0BA52012EBB7D71002A58A0 /* GasBlendPro */;
			targetProxy = E0BA52172EBB7D72002A58A0 /* PBXContainerItemProxy */;
		};
		E0BA52222EBB7D72002A58A0 /* PBXTargetDependency */ = {
			isa = PBXTargetDependency;
			target = E0BA52012EBB7D71002A58A0 /* GasBlendPro */;
			targetProxy = E0BA52212EBB7D72002A58A0 /* PBXContainerItemProxy */;
		};
/* End PBXTargetDependency section */

/* Begin XCBuildConfiguration section */
		E0BA522A2EBB7D72002A58A0 /* Debug configuration for PBXNativeTarget "GasBlendPro" */ = {
			isa = XCBuildConfiguration;
			buildSettings = {
				ASSETCATALOG_COMPILER_APPICON_NAME = gbp;
				ASSETCATALOG_COMPILER_GLOBAL_ACCENT_COLOR_NAME = AccentColor;
				ASSETCATALOG_COMPILER_INCLUDE_ALL_APPICON_ASSETS = YES;
				CODE_SIGN_ENTITLEMENTS = GasBlendPro/GasBlendPro.entitlements;
				CODE_SIGN_STYLE = Automatic;
				CURRENT_PROJECT_VERSION = 1;
				DEVELOPMENT_ASSET_PATHS = "\"GasBlendPro/Preview Content\"";
				DEVELOPMENT_TEAM = DSUZD5MHKS;
				ENABLE_PREVIEWS = YES;
				GENERATE_INFOPLIST_FILE = YES;
				INFOPLIST_FILE = GasBlendPro/Info.plist;
				INFOPLIST_KEY_CFBundleDisplayName = "Gas Blend Pro";
				INFOPLIST_KEY_LSApplicationCategoryType = "public.app-category.sports";
				INFOPLIST_KEY_UIApplicationSceneManifest_Generation = YES;
				INFOPLIST_KEY_UIApplicationSupportsIndirectInputEvents = YES;
				INFOPLIST_KEY_UILaunchScreen_Generation = YES;
				INFOPLIST_KEY_UISupportedInterfaceOrientations_iPad = "UIInterfaceOrientationPortrait UIInterfaceOrientationPortraitUpsideDown UIInterfaceOrientationLandscapeLeft UIInterfaceOrientationLandscapeRight";
				INFOPLIST_KEY_UISupportedInterfaceOrientations_iPhone = "UIInterfaceOrientationPortrait UIInterfaceOrientationLandscapeLeft UIInterfaceOrientationLandscapeRight";
				IPHONEOS_DEPLOYMENT_TARGET = 18.1;
				LD_RUNPATH_SEARCH_PATHS = (
					"$(inherited)",
					"@executable_path/Frameworks",
				);
				MARKETING_VERSION = 1.2.0;
				PRODUCT_BUNDLE_IDENTIFIER = "de.werk4-services.GasBlendPro";
				PRODUCT_NAME = "$(TARGET_NAME)";
				SWIFT_EMIT_LOC_STRINGS = YES;
				SWIFT_VERSION = 5.0;
				TARGETED_DEVICE_FAMILY = 1;
			};
			name = Debug;
		};
		E0BA522B2EBB7D72002A58A0 /* Release configuration for PBXNativeTarget "GasBlendPro" */ = {
			isa = XCBuildConfiguration;
			buildSettings = {
				ASSETCATALOG_COMPILER_APPICON_NAME = gbp;
				ASSETCATALOG_COMPILER_GLOBAL_ACCENT_COLOR_NAME = AccentColor;
				ASSETCATALOG_COMPILER_INCLUDE_ALL_APPICON_ASSETS = YES;
				CODE_SIGN_ENTITLEMENTS = GasBlendPro/GasBlendPro.entitlements;
				CODE_SIGN_STYLE = Automatic;
				CURRENT_PROJECT_VERSION = 1;
				DEVELOPMENT_ASSET_PATHS = "\"GasBlendPro/Preview Content\"";
				DEVELOPMENT_TEAM = DSUZD5MHKS;
				ENABLE_PREVIEWS = YES;
				GENERATE_INFOPLIST_FILE = YES;
				INFOPLIST_FILE = GasBlendPro/Info.plist;
				INFOPLIST_KEY_CFBundleDisplayName = "Gas Blend Pro";
				INFOPLIST_KEY_LSApplicationCategoryType = "public.app-category.sports";
				INFOPLIST_KEY_UIApplicationSceneManifest_Generation = YES;
				INFOPLIST_KEY_UIApplicationSupportsIndirectInputEvents = YES;
				INFOPLIST_KEY_UILaunchScreen_Generation = YES;
				INFOPLIST_KEY_UISupportedInterfaceOrientations_iPad = "UIInterfaceOrientationPortrait UIInterfaceOrientationPortraitUpsideDown UIInterfaceOrientationLandscapeLeft UIInterfaceOrientationLandscapeRight";
				INFOPLIST_KEY_UISupportedInterfaceOrientations_iPhone = "UIInterfaceOrientationPortrait UIInterfaceOrientationLandscapeLeft UIInterfaceOrientationLandscapeRight";
				IPHONEOS_DEPLOYMENT_TARGET = 18.1;
				LD_RUNPATH_SEARCH_PATHS = (
					"$(inherited)",
					"@executable_path/Frameworks",
				);
				MARKETING_VERSION = 1.2.0;
				PRODUCT_BUNDLE_IDENTIFIER = "de.werk4-services.GasBlendPro";
				PRODUCT_NAME = "$(TARGET_NAME)";
				SWIFT_EMIT_LOC_STRINGS = YES;
				SWIFT_VERSION = 5.0;
				TARGETED_DEVICE_FAMILY = 1;
			};
			name = Release;
		};
		E0BA522C2EBB7D72002A58A0 /* Debug configuration for PBXProject "GasBlendPro" */ = {
			isa = XCBuildConfiguration;
			buildSettings = {
				ALWAYS_SEARCH_USER_PATHS = NO;
				ASSETCATALOG_COMPILER_GENERATE_SWIFT_ASSET_SYMBOL_EXTENSIONS = YES;
				CLANG_ANALYZER_NONNULL = YES;
				CLANG_ANALYZER_NUMBER_OBJECT_CONVERSION = YES_AGGRESSIVE;
				CLANG_CXX_LANGUAGE_STANDARD = "gnu++20";
				CLANG_ENABLE_MODULES = YES;
				CLANG_ENABLE_OBJC_ARC = YES;
				CLANG_ENABLE_OBJC_WEAK = YES;
				CLANG_WARN_BLOCK_CAPTURE_AUTORELEASING = YES;
				CLANG_WARN_BOOL_CONVERSION = YES;
				CLANG_WARN_COMMA = YES;
				CLANG_WARN_CONSTANT_CONVERSION = YES;
				CLANG_WARN_DEPRECATED_OBJC_IMPLEMENTATIONS = YES;
				CLANG_WARN_DIRECT_OBJC_ISA_USAGE = YES_ERROR;
				CLANG_WARN_DOCUMENTATION_COMMENTS = YES;
				CLANG_WARN_EMPTY_BODY = YES;
				CLANG_WARN_ENUM_CONVERSION = YES;
				CLANG_WARN_INFINITE_RECURSION = YES;
				CLANG_WARN_INT_CONVERSION = YES;
				CLANG_WARN_NON_LITERAL_NULL_CONVERSION = YES;
				CLANG_WARN_OBJC_IMPLICIT_RETAIN_SELF = YES;
				CLANG_WARN_OBJC_LITERAL_CONVERSION = YES;
				CLANG_WARN_OBJC_ROOT_CLASS = YES_ERROR;
				CLANG_WARN_QUOTED_INCLUDE_IN_FRAMEWORK_HEADER = YES;
				CLANG_WARN_RANGE_LOOP_ANALYSIS = YES;
				CLANG_WARN_STRICT_PROTOTYPES = YES;
				CLANG_WARN_SUSPICIOUS_MOVE = YES;
				CLANG_WARN_UNGUARDED_AVAILABILITY = YES_AGGRESSIVE;
				CLANG_WARN_UNREACHABLE_CODE = YES;
				CLANG_WARN__DUPLICATE_METHOD_MATCH = YES;
				COPY_PHASE_STRIP = NO;
				DEBUG_INFORMATION_FORMAT = dwarf;
				ENABLE_STRICT_OBJC_MSGSEND = YES;
				ENABLE_TESTABILITY = YES;
				ENABLE_USER_SCRIPT_SANDBOXING = YES;
				GCC_C_LANGUAGE_STANDARD = gnu17;
				GCC_DYNAMIC_NO_PIC = NO;
				GCC_NO_COMMON_BLOCKS = YES;
				GCC_OPTIMIZATION_LEVEL = 0;
				GCC_PREPROCESSOR_DEFINITIONS = (
					"DEBUG=1",
					"$(inherited)",
				);
				GCC_WARN_64_TO_32_BIT_CONVERSION = YES;
				GCC_WARN_ABOUT_RETURN_TYPE = YES_ERROR;
				GCC_WARN_UNDECLARED_SELECTOR = YES;
				GCC_WARN_UNINITIALIZED_AUTOS = YES_AGGRESSIVE;
				GCC_WARN_UNUSED_FUNCTION = YES;
				GCC_WARN_UNUSED_VARIABLE = YES;
				IPHONEOS_DEPLOYMENT_TARGET = 18.1;
				LOCALIZATION_PREFERS_STRING_CATALOGS = YES;
				MTL_ENABLE_DEBUG_INFO = INCLUDE_SOURCE;
				MTL_FAST_MATH = YES;
				ONLY_ACTIVE_ARCH = YES;
				SDKROOT = iphoneos;
				STRING_CATALOG_GENERATE_SYMBOLS = YES;
				SWIFT_ACTIVE_COMPILATION_CONDITIONS = "DEBUG $(inherited)";
				SWIFT_OPTIMIZATION_LEVEL = "-Onone";
			};
			name = Debug;
		};
		E0BA522D2EBB7D72002A58A0 /* Release configuration for PBXProject "GasBlendPro" */ = {
			isa = XCBuildConfiguration;
			buildSettings = {
				ALWAYS_SEARCH_USER_PATHS = NO;
				ASSETCATALOG_COMPILER_GENERATE_SWIFT_ASSET_SYMBOL_EXTENSIONS = YES;
				CLANG_ANALYZER_NONNULL = YES;
				CLANG_ANALYZER_NUMBER_OBJECT_CONVERSION = YES_AGGRESSIVE;
				CLANG_CXX_LANGUAGE_STANDARD = "gnu++20";
				CLANG_ENABLE_MODULES = YES;
				CLANG_ENABLE_OBJC_ARC = YES;
				CLANG_ENABLE_OBJC_WEAK = YES;
				CLANG_WARN_BLOCK_CAPTURE_AUTORELEASING = YES;
				CLANG_WARN_BOOL_CONVERSION = YES;
				CLANG_WARN_COMMA = YES;
				CLANG_WARN_CONSTANT_CONVERSION = YES;
				CLANG_WARN_DEPRECATED_OBJC_IMPLEMENTATIONS = YES;
				CLANG_WARN_DIRECT_OBJC_ISA_USAGE = YES_ERROR;
				CLANG_WARN_DOCUMENTATION_COMMENTS = YES;
				CLANG_WARN_EMPTY_BODY = YES;
				CLANG_WARN_ENUM_CONVERSION = YES;
				CLANG_WARN_INFINITE_RECURSION = YES;
				CLANG_WARN_INT_CONVERSION = YES;
				CLANG_WARN_NON_LITERAL_NULL_CONVERSION = YES;
				CLANG_WARN_OBJC_IMPLICIT_RETAIN_SELF = YES;
				CLANG_WARN_OBJC_LITERAL_CONVERSION = YES;
				CLANG_WARN_OBJC_ROOT_CLASS = YES_ERROR;
				CLANG_WARN_QUOTED_INCLUDE_IN_FRAMEWORK_HEADER = YES;
				CLANG_WARN_RANGE_LOOP_ANALYSIS = YES;
				CLANG_WARN_STRICT_PROTOTYPES = YES;
				CLANG_WARN_SUSPICIOUS_MOVE = YES;
				CLANG_WARN_UNGUARDED_AVAILABILITY = YES_AGGRESSIVE;
				CLANG_WARN_UNREACHABLE_CODE = YES;
				CLANG_WARN__DUPLICATE_METHOD_MATCH = YES;
				COPY_PHASE_STRIP = NO;
				DEBUG_INFORMATION_FORMAT = "dwarf-with-dsym";
				ENABLE_NS_ASSERTIONS = NO;
				ENABLE_STRICT_OBJC_MSGSEND = YES;
				ENABLE_USER_SCRIPT_SANDBOXING = YES;
				GCC_C_LANGUAGE_STANDARD = gnu17;
				GCC_NO_COMMON_BLOCKS = YES;
				GCC_WARN_64_TO_32_BIT_CONVERSION = YES;
				GCC_WARN_ABOUT_RETURN_TYPE = YES_ERROR;
				GCC_WARN_UNDECLARED_SELECTOR = YES;
				GCC_WARN_UNINITIALIZED_AUTOS = YES_AGGRESSIVE;
				GCC_WARN_UNUSED_FUNCTION = YES;
				GCC_WARN_UNUSED_VARIABLE = YES;
				IPHONEOS_DEPLOYMENT_TARGET = 18.1;
				LOCALIZATION_PREFERS_STRING_CATALOGS = YES;
				MTL_ENABLE_DEBUG_INFO = NO;
				MTL_FAST_MATH = YES;
				SDKROOT = iphoneos;
				STRING_CATALOG_GENERATE_SYMBOLS = YES;
				SWIFT_COMPILATION_MODE = wholemodule;
				VALIDATE_PRODUCT = YES;
			};
			name = Release;
		};
		E0BA522F2EBB7D72002A58A0 /* Debug configuration for PBXNativeTarget "GasBlendProTests" */ = {
			isa = XCBuildConfiguration;
			buildSettings = {
				BUNDLE_LOADER = "$(TEST_HOST)";
				CODE_SIGN_STYLE = Automatic;
				CURRENT_PROJECT_VERSION = 1;
				GENERATE_INFOPLIST_FILE = YES;
				IPHONEOS_DEPLOYMENT_TARGET = 18.1;
				MARKETING_VERSION = 1.0;
				PRODUCT_BUNDLE_IDENTIFIER = "de.werk4-services.GasBlendProTests";
				PRODUCT_NAME = "$(TARGET_NAME)";
				SWIFT_EMIT_LOC_STRINGS = NO;
				SWIFT_VERSION = 5.0;
				TARGETED_DEVICE_FAMILY = "1,2";
				TEST_HOST = "$(BUILT_PRODUCTS_DIR)/GasBlendPro.app/$(BUNDLE_EXECUTABLE_FOLDER_PATH)/GasBlendPro";
			};
			name = Debug;
		};
		E0BA52302EBB7D72002A58A0 /* Release configuration for PBXNativeTarget "GasBlendProTests" */ = {
			isa = XCBuildConfiguration;
			buildSettings = {
				BUNDLE_LOADER = "$(TEST_HOST)";
				CODE_SIGN_STYLE = Automatic;
				CURRENT_PROJECT_VERSION = 1;
				GENERATE_INFOPLIST_FILE = YES;
				IPHONEOS_DEPLOYMENT_TARGET = 18.1;
				MARKETING_VERSION = 1.0;
				PRODUCT_BUNDLE_IDENTIFIER = "de.werk4-services.GasBlendProTests";
				PRODUCT_NAME = "$(TARGET_NAME)";
				SWIFT_EMIT_LOC_STRINGS = NO;
				SWIFT_VERSION = 5.0;
				TARGETED_DEVICE_FAMILY = "1,2";
				TEST_HOST = "$(BUILT_PRODUCTS_DIR)/GasBlendPro.app/$(BUNDLE_EXECUTABLE_FOLDER_PATH)/GasBlendPro";
			};
			name = Release;
		};
		E0BA52322EBB7D72002A58A0 /* Debug configuration for PBXNativeTarget "GasBlendProUITests" */ = {
			isa = XCBuildConfiguration;
			buildSettings = {
				CODE_SIGN_STYLE = Automatic;
				CURRENT_PROJECT_VERSION = 1;
				GENERATE_INFOPLIST_FILE = YES;
				MARKETING_VERSION = 1.0;
				PRODUCT_BUNDLE_IDENTIFIER = "de.werk4-services.GasBlendProUITests";
				PRODUCT_NAME = "$(TARGET_NAME)";
				SWIFT_EMIT_LOC_STRINGS = NO;
				SWIFT_VERSION = 5.0;
				TARGETED_DEVICE_FAMILY = "1,2";
				TEST_TARGET_NAME = GasBlendPro;
			};
			name = Debug;
		};
		E0BA52332EBB7D72002A58A0 /* Release configuration for PBXNativeTarget "GasBlendProUITests" */ = {
			isa = XCBuildConfiguration;
			buildSettings = {
				CODE_SIGN_STYLE = Automatic;
				CURRENT_PROJECT_VERSION = 1;
				GENERATE_INFOPLIST_FILE = YES;
				MARKETING_VERSION = 1.0;
				PRODUCT_BUNDLE_IDENTIFIER = "de.werk4-services.GasBlendProUITests";
				PRODUCT_NAME = "$(TARGET_NAME)";
				SWIFT_EMIT_LOC_STRINGS = NO;
				SWIFT_VERSION = 5.0;
				TARGETED_DEVICE_FAMILY = "1,2";
				TEST_TARGET_NAME = GasBlendPro;
			};
			name = Release;
		};
/* End XCBuildConfiguration section */

/* Begin XCConfigurationList section */
		E0BA51FD2EBB7D70002A58A0 /* Build configuration list for PBXProject "GasBlendPro" */ = {
			isa = XCConfigurationList;
			buildConfigurations = (
				E0BA522C2EBB7D72002A58A0 /* Debug configuration for PBXProject "GasBlendPro" */,
				E0BA522D2EBB7D72002A58A0 /* Release configuration for PBXProject "GasBlendPro" */,
			);
			defaultConfigurationName = Release;
		};
		E0BA52292EBB7D72002A58A0 /* Build configuration list for PBXNativeTarget "GasBlendPro" */ = {
			isa = XCConfigurationList;
			buildConfigurations = (
				E0BA522A2EBB7D72002A58A0 /* Debug configuration for PBXNativeTarget "GasBlendPro" */,
				E0BA522B2EBB7D72002A58A0 /* Release configuration for PBXNativeTarget "GasBlendPro" */,
			);
			defaultConfigurationName = Release;
		};
		E0BA522E2EBB7D72002A58A0 /* Build configuration list for PBXNativeTarget "GasBlendProTests" */ = {
			isa = XCConfigurationList;
			buildConfigurations = (
				E0BA522F2EBB7D72002A58A0 /* Debug configuration for PBXNativeTarget "GasBlendProTests" */,
				E0BA52302EBB7D72002A58A0 /* Release configuration for PBXNativeTarget "GasBlendProTests" */,
			);
			defaultConfigurationName = Release;
		};
		E0BA52312EBB7D72002A58A0 /* Build configuration list for PBXNativeTarget "GasBlendProUITests" */ = {
			isa = XCConfigurationList;
			buildConfigurations = (
				E0BA52322EBB7D72002A58A0 /* Debug configuration for PBXNativeTarget "GasBlendProUITests" */,
				E0BA52332EBB7D72002A58A0 /* Release configuration for PBXNativeTarget "GasBlendProUITests" */,
			);
			defaultConfigurationName = Release;
		};
/* End XCConfigurationList section */
	};
	rootObject = E0BA51FA2EBB7D70002A58A0 /* Project object */;
}
